
Microsoft Visual Studio Solution File, Format Version 12.00
# Visual Studio Version 16
VisualStudioVersion = 16.0.30011.22
MinimumVisualStudioVersion = 10.0.40219.1
Project("{888888A0-9F3D-457C-B088-3A5042F75D52}") = "Bakeoff", "Bakeoff\Bakeoff.pyproj", "{1EDC7B7D-1E23-484A-B068-E15E4266DB7E}"
EndProject
Global
	GlobalSection(SolutionConfigurationPlatforms) = preSolution
		Debug|Any CPU = Debug|Any CPU
		Release|Any CPU = Release|Any CPU
	EndGlobalSection
	GlobalSection(ProjectConfigurationPlatforms) = postSolution
		{1EDC7B7D-1E23-484A-B068-E15E4266DB7E}.Debug|Any CPU.ActiveCfg = Debug|Any CPU
		{1EDC7B7D-1E23-484A-B068-E15E4266DB7E}.Release|Any CPU.ActiveCfg = Release|Any CPU
	EndGlobalSection
	GlobalSection(SolutionProperties) = preSolution
		HideSolutionNode = FALSE
	EndGlobalSection
	GlobalSection(ExtensibilityGlobals) = postSolution
		SolutionGuid = {E4819E5A-F486-4B8B-B714-B2A93EE273D0}
	EndGlobalSection
EndGlobal
